// !$*UTF8*$!
{
	archiveVersion = 1;
	classes = {
	};
	objectVersion = 77;
	objects = {

/* Begin PBXBuildFile section */
		8A7D3F102FFD90010001A001 /* Swinject in Frameworks */ = {isa = PBXBuildFile; productRef = 8A7D3F0F2FFD90010001A001 /* Swinject */; };
		8A7D3F132FFD90010001A001 /* Swinject in Frameworks */ = {isa = PBXBuildFile; productRef = 8A7D3F122FFD90010001A001 /* Swinject */; };
/* End PBXBuildFile section */

/* Begin PBXContainerItemProxy section */
		1338262F2FFD4EA9007BDF32 /* PBXContainerItemProxy */ = {
			isa = PBXContainerItemProxy;
			containerPortal = 133826192FFD4EA8007BDF32 /* Project object */;
			proxyType = 1;
			remoteGlobalIDString = 133826202FFD4EA8007BDF32;
			remoteInfo = WorkHarness;
		};
		133826392FFD4EA9007BDF32 /* PBXContainerItemProxy */ = {
			isa = PBXContainerItemProxy;
			containerPortal = 133826192FFD4EA8007BDF32 /* Project object */;
			proxyType = 1;
			remoteGlobalIDString = 133826202FFD4EA8007BDF32;
			remoteInfo = WorkHarness;
		};
/* End PBXContainerItemProxy section */

/* Begin PBXFileReference section */
		133826212FFD4EA8007BDF32 /* WorkHarness.app */ = {isa = PBXFileReference; explicitFileType = wrapper.application; includeInIndex = 0; path = WorkHarness.app; sourceTree = BUILT_PRODUCTS_DIR; };
		1338262E2FFD4EA9007BDF32 /* WorkHarnessTests.xctest */ = {isa = PBXFileReference; explicitFileType = wrapper.cfbundle; includeInIndex = 0; path = WorkHarnessTests.xctest; sourceTree = BUILT_PRODUCTS_DIR; };
		133826382FFD4EA9007BDF32 /* WorkHarnessUITests.xctest */ = {isa = PBXFileReference; explicitFileType = wrapper.cfbundle; includeInIndex = 0; path = WorkHarnessUITests.xctest; sourceTree = BUILT_PRODUCTS_DIR; };
/* End PBXFileReference section */

/* Begin PBXFileSystemSynchronizedRootGroup section */
		133826232FFD4EA8007BDF32 /* WorkHarness */ = {
			isa = PBXFileSystemSynchronizedRootGroup;
			path = WorkHarness;
			sourceTree = "<group>";
		};
		133826312FFD4EA9007BDF32 /* WorkHarnessTests */ = {
			isa = PBXFileSystemSynchronizedRootGroup;
			path = WorkHarnessTests;
			sourceTree = "<group>";
		};
		1338263B2FFD4EA9007BDF32 /* WorkHarnessUITests */ = {
			isa = PBXFileSystemSynchronizedRootGroup;
			path = WorkHarnessUITests;
			sourceTree = "<group>";
		};
/* End PBXFileSystemSynchronizedRootGroup section */

/* Begin PBXFrameworksBuildPhase section */
		1338261E2FFD4EA8007BDF32 /* Frameworks */ = {
			isa = PBXFrameworksBuildPhase;
			buildActionMask = 2147483647;
			files = (
				8A7D3F102FFD90010001A001 /* Swinject in Frameworks */,
			);
			runOnlyForDeploymentPostprocessing = 0;
		};
		1338262B2FFD4EA9007BDF32 /* Frameworks */ = {
			isa = PBXFrameworksBuildPhase;
			buildActionMask = 2147483647;
			files = (
				8A7D3F132FFD90010001A001 /* Swinject in Frameworks */,
			);
			runOnlyForDeploymentPostprocessing = 0;
		};
		133826352FFD4EA9007BDF32 /* Frameworks */ = {
			isa = PBXFrameworksBuildPhase;
			buildActionMask = 2147483647;
			files = (
			);
			runOnlyForDeploymentPostprocessing = 0;
		};
/* End PBXFrameworksBuildPhase section */

/* Begin PBXGroup section */
		133826182FFD4EA8007BDF32 = {
			isa = PBXGroup;
			children = (
				133826232FFD4EA8007BDF32 /* WorkHarness */,
				133826312FFD4EA9007BDF32 /* WorkHarnessTests */,
				1338263B2FFD4EA9007BDF32 /* WorkHarnessUITests */,
				133826222FFD4EA8007BDF32 /* Products */,
			);
			sourceTree = "<group>";
		};
		133826222FFD4EA8007BDF32 /* Products */ = {
			isa = PBXGroup;
			children = (
				133826212FFD4EA8007BDF32 /* WorkHarness.app */,
				1338262E2FFD4EA9007BDF32 /* WorkHarnessTests.xctest */,
				133826382FFD4EA9007BDF32 /* WorkHarnessUITests.xctest */,
			);
			name = Products;
			sourceTree = "<group>";
		};
/* End PBXGroup section */

/* Begin PBXNativeTarget section */
		133826202FFD4EA8007BDF32 /* WorkHarness */ = {
			isa = PBXNativeTarget;
			buildConfigurationList = 133826422FFD4EA9007BDF32 /* Build configuration list for PBXNativeTarget "WorkHarness" */;
			buildPhases = (
				1338261D2FFD4EA8007BDF32 /* Sources */,
				1338261E2FFD4EA8007BDF32 /* Frameworks */,
				1338261F2FFD4EA8007BDF32 /* Resources */,
			);
			buildRules = (
			);
			dependencies = (
			);
			fileSystemSynchronizedGroups = (
				133826232FFD4EA8007BDF32 /* WorkHarness */,
			);
			name = WorkHarness;
			packageProductDependencies = (
				8A7D3F0F2FFD90010001A001 /* Swinject */,
			);
			productName = WorkHarness;
			productReference = 133826212FFD4EA8007BDF32 /* WorkHarness.app */;
			productType = "com.apple.product-type.application";
		};
		1338262D2FFD4EA9007BDF32 /* WorkHarnessTests */ = {
			isa = PBXNativeTarget;
			buildConfigurationList = 133826452FFD4EA9007BDF32 /* Build configuration list for PBXNativeTarget "WorkHarnessTests" */;
			buildPhases = (
				1338262A2FFD4EA9007BDF32 /* Sources */,
				1338262B2FFD4EA9007BDF32 /* Frameworks */,
				1338262C2FFD4EA9007BDF32 /* Resources */,
			);
			buildRules = (
			);
			dependencies = (
				133826302FFD4EA9007BDF32 /* PBXTargetDependency */,
			);
			fileSystemSynchronizedGroups = (
				133826312FFD4EA9007BDF32 /* WorkHarnessTests */,
			);
			name = WorkHarnessTests;
			packageProductDependencies = (
				8A7D3F122FFD90010001A001 /* Swinject */,
			);
			productName = WorkHarnessTests;
			productReference = 1338262E2FFD4EA9007BDF32 /* WorkHarnessTests.xctest */;
			productType = "com.apple.product-type.bundle.unit-test";
		};
		133826372FFD4EA9007BDF32 /* WorkHarnessUITests */ = {
			isa = PBXNativeTarget;
			buildConfigurationList = 133826482FFD4EA9007BDF32 /* Build configuration list for PBXNativeTarget "WorkHarnessUITests" */;
			buildPhases = (
				133826342FFD4EA9007BDF32 /* Sources */,
				133826352FFD4EA9007BDF32 /* Frameworks */,
				133826362FFD4EA9007BDF32 /* Resources */,
			);
			buildRules = (
			);
			dependencies = (
				1338263A2FFD4EA9007BDF32 /* PBXTargetDependency */,
			);
			fileSystemSynchronizedGroups = (
				1338263B2FFD4EA9007BDF32 /* WorkHarnessUITests */,
			);
			name = WorkHarnessUITests;
			packageProductDependencies = (
			);
			productName = WorkHarnessUITests;
			productReference = 133826382FFD4EA9007BDF32 /* WorkHarnessUITests.xctest */;
			productType = "com.apple.product-type.bundle.ui-testing";
		};
/* End PBXNativeTarget section */

/* Begin PBXProject section */
		133826192FFD4EA8007BDF32 /* Project object */ = {
			isa = PBXProject;
			attributes = {
				BuildIndependentTargetsInParallel = 1;
				LastSwiftUpdateCheck = 2630;
				LastUpgradeCheck = 2630;
				TargetAttributes = {
					133826202FFD4EA8007BDF32 = {
						CreatedOnToolsVersion = 26.3;
					};
					1338262D2FFD4EA9007BDF32 = {
						CreatedOnToolsVersion = 26.3;
						TestTargetID = 133826202FFD4EA8007BDF32;
					};
					133826372FFD4EA9007BDF32 = {
						CreatedOnToolsVersion = 26.3;
						TestTargetID = 133826202FFD4EA8007BDF32;
					};
				};
			};
			buildConfigurationList = 1338261C2FFD4EA8007BDF32 /* Build configuration list for PBXProject "WorkHarness" */;
			developmentRegion = en;
			hasScannedForEncodings = 0;
			knownRegions = (
				en,
				Base,
			);
			mainGroup = 133826182FFD4EA8007BDF32;
			minimizedProjectReferenceProxies = 1;
			packageReferences = (
				8A7D3F0E2FFD90010001A001 /* XCRemoteSwiftPackageReference "Swinject" */,
			);
			preferredProjectObjectVersion = 77;
			productRefGroup = 133826222FFD4EA8007BDF32 /* Products */;
			projectDirPath = "";
			projectRoot = "";
			targets = (
				133826202FFD4EA8007BDF32 /* WorkHarness */,
				1338262D2FFD4EA9007BDF32 /* WorkHarnessTests */,
				133826372FFD4EA9007BDF32 /* WorkHarnessUITests */,
			);
		};
/* End PBXProject section */

/* Begin PBXResourcesBuildPhase section */
		1338261F2FFD4EA8007BDF32 /* Resources */ = {
			isa = PBXResourcesBuildPhase;
			buildActionMask = 2147483647;
			files = (
			);
			runOnlyForDeploymentPostprocessing = 0;
		};
		1338262C2FFD4EA9007BDF32 /* Resources */ = {
			isa = PBXResourcesBuildPhase;
			buildActionMask = 2147483647;
			files = (
			);
			runOnlyForDeploymentPostprocessing = 0;
		};
		133826362FFD4EA9007BDF32 /* Resources */ = {
			isa = PBXResourcesBuildPhase;
			buildActionMask = 2147483647;
			files = (
			);
			runOnlyForDeploymentPostprocessing = 0;
		};
/* End PBXResourcesBuildPhase section */

/* Begin PBXSourcesBuildPhase section */
		1338261D2FFD4EA8007BDF32 /* Sources */ = {
			isa = PBXSourcesBuildPhase;
			buildActionMask = 2147483647;
			files = (
			);
			runOnlyForDeploymentPostprocessing = 0;
		};
		1338262A2FFD4EA9007BDF32 /* Sources */ = {
			isa = PBXSourcesBuildPhase;
			buildActionMask = 2147483647;
			files = (
			);
			runOnlyForDeploymentPostprocessing = 0;
		};
		133826342FFD4EA9007BDF32 /* Sources */ = {
			isa = PBXSourcesBuildPhase;
			buildActionMask = 2147483647;
			files = (
			);
			runOnlyForDeploymentPostprocessing = 0;
		};
/* End PBXSourcesBuildPhase section */

/* Begin PBXTargetDependency section */
		133826302FFD4EA9007BDF32 /* PBXTargetDependency */ = {
			isa = PBXTargetDependency;
			target = 133826202FFD4EA8007BDF32 /* WorkHarness */;
			targetProxy = 1338262F2FFD4EA9007BDF32 /* PBXContainerItemProxy */;
		};
		1338263A2FFD4EA9007BDF32 /* PBXTargetDependency */ = {
			isa = PBXTargetDependency;
			target = 133826202FFD4EA8007BDF32 /* WorkHarness */;
			targetProxy = 133826392FFD4EA9007BDF32 /* PBXContainerItemProxy */;
		};
/* End PBXTargetDependency section */

/* Begin XCBuildConfiguration section */
		133826402FFD4EA9007BDF32 /* Debug */ = {
			isa = XCBuildConfiguration;
			buildSettings = {
				ALWAYS_SEARCH_USER_PATHS = NO;
				ASSETCATALOG_COMPILER_GENERATE_SWIFT_ASSET_SYMBOL_EXTENSIONS = YES;
				CLANG_ANALYZER_NONNULL = YES;
				CLANG_ANALYZER_NUMBER_OBJECT_CONVERSION = YES_AGGRESSIVE;
				CLANG_CXX_LANGUAGE_STANDARD = "gnu++20";
				CLANG_ENABLE_MODULES = YES;
				CLANG_ENABLE_OBJC_ARC = YES;
				CLANG_ENABLE_OBJC_WEAK = YES;
				CLANG_WARN_BLOCK_CAPTURE_AUTORELEASING = YES;
				CLANG_WARN_BOOL_CONVERSION = YES;
				CLANG_WARN_COMMA = YES;
				CLANG_WARN_CONSTANT_CONVERSION = YES;
				CLANG_WARN_DEPRECATED_OBJC_IMPLEMENTATIONS = YES;
				CLANG_WARN_DIRECT_OBJC_ISA_USAGE = YES_ERROR;
				CLANG_WARN_DOCUMENTATION_COMMENTS = YES;
				CLANG_WARN_EMPTY_BODY = YES;
				CLANG_WARN_ENUM_CONVERSION = YES;
				CLANG_WARN_INFINITE_RECURSION = YES;
				CLANG_WARN_INT_CONVERSION = YES;
				CLANG_WARN_NON_LITERAL_NULL_CONVERSION = YES;
				CLANG_WARN_OBJC_IMPLICIT_RETAIN_SELF = YES;
				CLANG_WARN_OBJC_LITERAL_CONVERSION = YES;
				CLANG_WARN_OBJC_ROOT_CLASS = YES_ERROR;
				CLANG_WARN_QUOTED_INCLUDE_IN_FRAMEWORK_HEADER = YES;
				CLANG_WARN_RANGE_LOOP_ANALYSIS = YES;
				CLANG_WARN_STRICT_PROTOTYPES = YES;
				CLANG_WARN_SUSPICIOUS_MOVE = YES;
				CLANG_WARN_UNGUARDED_AVAILABILITY = YES_AGGRESSIVE;
				CLANG_WARN_UNREACHABLE_CODE = YES;
				CLANG_WARN__DUPLICATE_METHOD_MATCH = YES;
				COPY_PHASE_STRIP = NO;
				DEBUG_INFORMATION_FORMAT = dwarf;
				DEVELOPMENT_TEAM = Z8JVJD6M2F;
				ENABLE_STRICT_OBJC_MSGSEND = YES;
				ENABLE_TESTABILITY = YES;
				ENABLE_USER_SCRIPT_SANDBOXING = YES;
				GCC_C_LANGUAGE_STANDARD = gnu17;
				GCC_DYNAMIC_NO_PIC = NO;
				GCC_NO_COMMON_BLOCKS = YES;
				GCC_OPTIMIZATION_LEVEL = 0;
				GCC_PREPROCESSOR_DEFINITIONS = (
					"DEBUG=1",
					"$(inherited)",
				);
				GCC_WARN_64_TO_32_BIT_CONVERSION = YES;
				GCC_WARN_ABOUT_RETURN_TYPE = YES_ERROR;
				GCC_WARN_UNDECLARED_SELECTOR = YES;
				GCC_WARN_UNINITIALIZED_AUTOS = YES_AGGRESSIVE;
				GCC_WARN_UNUSED_FUNCTION = YES;
				GCC_WARN_UNUSED_VARIABLE = YES;
				LOCALIZATION_PREFERS_STRING_CATALOGS = YES;
				MACOSX_DEPLOYMENT_TARGET = 15.7;
				MTL_ENABLE_DEBUG_INFO = INCLUDE_SOURCE;
				MTL_FAST_MATH = YES;
				ONLY_ACTIVE_ARCH = YES;
				SDKROOT = macosx;
				SWIFT_ACTIVE_COMPILATION_CONDITIONS = "DEBUG $(inherited)";
				SWIFT_OPTIMIZATION_LEVEL = "-Onone";
			};
			name = Debug;
		};
		133826412FFD4EA9007BDF32 /* Release */ = {
			isa = XCBuildConfiguration;
			buildSettings = {
				ALWAYS_SEARCH_USER_PATHS = NO;
				ASSETCATALOG_COMPILER_GENERATE_SWIFT_ASSET_SYMBOL_EXTENSIONS = YES;
				CLANG_ANALYZER_NONNULL = YES;
				CLANG_ANALYZER_NUMBER_OBJECT_CONVERSION = YES_AGGRESSIVE;
				CLANG_CXX_LANGUAGE_STANDARD = "gnu++20";
				CLANG_ENABLE_MODULES = YES;
				CLANG_ENABLE_OBJC_ARC = YES;
				CLANG_ENABLE_OBJC_WEAK = YES;
				CLANG_WARN_BLOCK_CAPTURE_AUTORELEASING = YES;
				CLANG_WARN_BOOL_CONVERSION = YES;
				CLANG_WARN_COMMA = YES;
				CLANG_WARN_CONSTANT_CONVERSION = YES;
				CLANG_WARN_DEPRECATED_OBJC_IMPLEMENTATIONS = YES;
				CLANG_WARN_DIRECT_OBJC_ISA_USAGE = YES_ERROR;
				CLANG_WARN_DOCUMENTATION_COMMENTS = YES;
				CLANG_WARN_EMPTY_BODY = YES;
				CLANG_WARN_ENUM_CONVERSION = YES;
				CLANG_WARN_INFINITE_RECURSION = YES;
				CLANG_WARN_INT_CONVERSION = YES;
				CLANG_WARN_NON_LITERAL_NULL_CONVERSION = YES;
				CLANG_WARN_OBJC_IMPLICIT_RETAIN_SELF = YES;
				CLANG_WARN_OBJC_LITERAL_CONVERSION = YES;
				CLANG_WARN_OBJC_ROOT_CLASS = YES_ERROR;
				CLANG_WARN_QUOTED_INCLUDE_IN_FRAMEWORK_HEADER = YES;
				CLANG_WARN_RANGE_LOOP_ANALYSIS = YES;
				CLANG_WARN_STRICT_PROTOTYPES = YES;
				CLANG_WARN_SUSPICIOUS_MOVE = YES;
				CLANG_WARN_UNGUARDED_AVAILABILITY = YES_AGGRESSIVE;
				CLANG_WARN_UNREACHABLE_CODE = YES;
				CLANG_WARN__DUPLICATE_METHOD_MATCH = YES;
				COPY_PHASE_STRIP = NO;
				DEBUG_INFORMATION_FORMAT = "dwarf-with-dsym";
				DEVELOPMENT_TEAM = Z8JVJD6M2F;
				ENABLE_NS_ASSERTIONS = NO;
				ENABLE_STRICT_OBJC_MSGSEND = YES;
				ENABLE_USER_SCRIPT_SANDBOXING = YES;
				GCC_C_LANGUAGE_STANDARD = gnu17;
				GCC_NO_COMMON_BLOCKS = YES;
				GCC_WARN_64_TO_32_BIT_CONVERSION = YES;
				GCC_WARN_ABOUT_RETURN_TYPE = YES_ERROR;
				GCC_WARN_UNDECLARED_SELECTOR = YES;
				GCC_WARN_UNINITIALIZED_AUTOS = YES_AGGRESSIVE;
				GCC_WARN_UNUSED_FUNCTION = YES;
				GCC_WARN_UNUSED_VARIABLE = YES;
				LOCALIZATION_PREFERS_STRING_CATALOGS = YES;
				MACOSX_DEPLOYMENT_TARGET = 15.7;
				MTL_ENABLE_DEBUG_INFO = NO;
				MTL_FAST_MATH = YES;
				SDKROOT = macosx;
				SWIFT_COMPILATION_MODE = wholemodule;
			};
			name = Release;
		};
		133826432FFD4EA9007BDF32 /* Debug */ = {
			isa = XCBuildConfiguration;
			buildSettings = {
				ASSETCATALOG_COMPILER_APPICON_NAME = AppIcon;
				ASSETCATALOG_COMPILER_GLOBAL_ACCENT_COLOR_NAME = AccentColor;
				CODE_SIGN_STYLE = Automatic;
				COMBINE_HIDPI_IMAGES = YES;
				CURRENT_PROJECT_VERSION = 1;
				DEVELOPMENT_TEAM = Z8JVJD6M2F;
				ENABLE_APP_SANDBOX = YES;
				ENABLE_HARDENED_RUNTIME = YES;
				ENABLE_PREVIEWS = YES;
				ENABLE_USER_SELECTED_FILES = readonly;
				GENERATE_INFOPLIST_FILE = YES;
				INFOPLIST_KEY_NSHumanReadableCopyright = "";
				LD_RUNPATH_SEARCH_PATHS = (
					"$(inherited)",
					"@executable_path/../Frameworks",
				);
				MARKETING_VERSION = 1.0;
				PRODUCT_BUNDLE_IDENTIFIER = com.lammax.projects.ios.ai.harness.work.WorkHarness;
				PRODUCT_NAME = "$(TARGET_NAME)";
				REGISTER_APP_GROUPS = YES;
				STRING_CATALOG_GENERATE_SYMBOLS = YES;
				SWIFT_APPROACHABLE_CONCURRENCY = YES;
				SWIFT_DEFAULT_ACTOR_ISOLATION = MainActor;
				SWIFT_EMIT_LOC_STRINGS = YES;
				SWIFT_UPCOMING_FEATURE_MEMBER_IMPORT_VISIBILITY = YES;
				SWIFT_VERSION = 5.0;
			};
			name = Debug;
		};
		133826442FFD4EA9007BDF32 /* Release */ = {
			isa = XCBuildConfiguration;
			buildSettings = {
				ASSETCATALOG_COMPILER_APPICON_NAME = AppIcon;
				ASSETCATALOG_COMPILER_GLOBAL_ACCENT_COLOR_NAME = AccentColor;
				CODE_SIGN_STYLE = Automatic;
				COMBINE_HIDPI_IMAGES = YES;
				CURRENT_PROJECT_VERSION = 1;
				DEVELOPMENT_TEAM = Z8JVJD6M2F;
				ENABLE_APP_SANDBOX = YES;
				ENABLE_HARDENED_RUNTIME = YES;
				ENABLE_PREVIEWS = YES;
				ENABLE_USER_SELECTED_FILES = readonly;
				GENERATE_INFOPLIST_FILE = YES;
				INFOPLIST_KEY_NSHumanReadableCopyright = "";
				LD_RUNPATH_SEARCH_PATHS = (
					"$(inherited)",
					"@executable_path/../Frameworks",
				);
				MARKETING_VERSION = 1.0;
				PRODUCT_BUNDLE_IDENTIFIER = com.lammax.projects.ios.ai.harness.work.WorkHarness;
				PRODUCT_NAME = "$(TARGET_NAME)";
				REGISTER_APP_GROUPS = YES;
				STRING_CATALOG_GENERATE_SYMBOLS = YES;
				SWIFT_APPROACHABLE_CONCURRENCY = YES;
				SWIFT_DEFAULT_ACTOR_ISOLATION = MainActor;
				SWIFT_EMIT_LOC_STRINGS = YES;
				SWIFT_UPCOMING_FEATURE_MEMBER_IMPORT_VISIBILITY = YES;
				SWIFT_VERSION = 5.0;
			};
			name = Release;
		};
		133826462FFD4EA9007BDF32 /* Debug */ = {
			isa = XCBuildConfiguration;
			buildSettings = {
				BUNDLE_LOADER = "$(TEST_HOST)";
				CODE_SIGN_STYLE = Automatic;
				CURRENT_PROJECT_VERSION = 1;
				DEVELOPMENT_TEAM = Z8JVJD6M2F;
				GENERATE_INFOPLIST_FILE = YES;
				MACOSX_DEPLOYMENT_TARGET = 15.7;
				MARKETING_VERSION = 1.0;
				PRODUCT_BUNDLE_IDENTIFIER = com.lammax.projects.ios.ai.harness.work.WorkHarnessTests;
				PRODUCT_NAME = "$(TARGET_NAME)";
				STRING_CATALOG_GENERATE_SYMBOLS = NO;
				SWIFT_APPROACHABLE_CONCURRENCY = YES;
				SWIFT_EMIT_LOC_STRINGS = NO;
				SWIFT_UPCOMING_FEATURE_MEMBER_IMPORT_VISIBILITY = YES;
				SWIFT_VERSION = 5.0;
				TEST_HOST = "$(BUILT_PRODUCTS_DIR)/WorkHarness.app/$(BUNDLE_EXECUTABLE_FOLDER_PATH)/WorkHarness";
			};
			name = Debug;
		};
		133826472FFD4EA9007BDF32 /* Release */ = {
			isa = XCBuildConfiguration;
			buildSettings = {
				BUNDLE_LOADER = "$(TEST_HOST)";
				CODE_SIGN_STYLE = Automatic;
				CURRENT_PROJECT_VERSION = 1;
				DEVELOPMENT_TEAM = Z8JVJD6M2F;
				GENERATE_INFOPLIST_FILE = YES;
				MACOSX_DEPLOYMENT_TARGET = 15.7;
				MARKETING_VERSION = 1.0;
				PRODUCT_BUNDLE_IDENTIFIER = com.lammax.projects.ios.ai.harness.work.WorkHarnessTests;
				PRODUCT_NAME = "$(TARGET_NAME)";
				STRING_CATALOG_GENERATE_SYMBOLS = NO;
				SWIFT_APPROACHABLE_CONCURRENCY = YES;
				SWIFT_EMIT_LOC_STRINGS = NO;
				SWIFT_UPCOMING_FEATURE_MEMBER_IMPORT_VISIBILITY = YES;
				SWIFT_VERSION = 5.0;
				TEST_HOST = "$(BUILT_PRODUCTS_DIR)/WorkHarness.app/$(BUNDLE_EXECUTABLE_FOLDER_PATH)/WorkHarness";
			};
			name = Release;
		};
		133826492FFD4EA9007BDF32 /* Debug */ = {
			isa = XCBuildConfiguration;
			buildSettings = {
				CODE_SIGN_STYLE = Automatic;
				CURRENT_PROJECT_VERSION = 1;
				DEVELOPMENT_TEAM = Z8JVJD6M2F;
				GENERATE_INFOPLIST_FILE = YES;
				MARKETING_VERSION = 1.0;
				PRODUCT_BUNDLE_IDENTIFIER = com.lammax.projects.ios.ai.harness.work.WorkHarnessUITests;
				PRODUCT_NAME = "$(TARGET_NAME)";
				STRING_CATALOG_GENERATE_SYMBOLS = NO;
				SWIFT_APPROACHABLE_CONCURRENCY = YES;
				SWIFT_EMIT_LOC_STRINGS = NO;
				SWIFT_UPCOMING_FEATURE_MEMBER_IMPORT_VISIBILITY = YES;
				SWIFT_VERSION = 5.0;
				TEST_TARGET_NAME = WorkHarness;
			};
			name = Debug;
		};
		1338264A2FFD4EA9007BDF32 /* Release */ = {
			isa = XCBuildConfiguration;
			buildSettings = {
				CODE_SIGN_STYLE = Automatic;
				CURRENT_PROJECT_VERSION = 1;
				DEVELOPMENT_TEAM = Z8JVJD6M2F;
				GENERATE_INFOPLIST_FILE = YES;
				MARKETING_VERSION = 1.0;
				PRODUCT_BUNDLE_IDENTIFIER = com.lammax.projects.ios.ai.harness.work.WorkHarnessUITests;
				PRODUCT_NAME = "$(TARGET_NAME)";
				STRING_CATALOG_GENERATE_SYMBOLS = NO;
				SWIFT_APPROACHABLE_CONCURRENCY = YES;
				SWIFT_EMIT_LOC_STRINGS = NO;
				SWIFT_UPCOMING_FEATURE_MEMBER_IMPORT_VISIBILITY = YES;
				SWIFT_VERSION = 5.0;
				TEST_TARGET_NAME = WorkHarness;
			};
			name = Release;
		};
/* End XCBuildConfiguration section */

/* Begin XCConfigurationList section */
		1338261C2FFD4EA8007BDF32 /* Build configuration list for PBXProject "WorkHarness" */ = {
			isa = XCConfigurationList;
			buildConfigurations = (
				133826402FFD4EA9007BDF32 /* Debug */,
				133826412FFD4EA9007BDF32 /* Release */,
			);
			defaultConfigurationIsVisible = 0;
			defaultConfigurationName = Release;
		};
		133826422FFD4EA9007BDF32 /* Build configuration list for PBXNativeTarget "WorkHarness" */ = {
			isa = XCConfigurationList;
			buildConfigurations = (
				133826432FFD4EA9007BDF32 /* Debug */,
				133826442FFD4EA9007BDF32 /* Release */,
			);
			defaultConfigurationIsVisible = 0;
			defaultConfigurationName = Release;
		};
		133826452FFD4EA9007BDF32 /* Build configuration list for PBXNativeTarget "WorkHarnessTests" */ = {
			isa = XCConfigurationList;
			buildConfigurations = (
				133826462FFD4EA9007BDF32 /* Debug */,
				133826472FFD4EA9007BDF32 /* Release */,
			);
			defaultConfigurationIsVisible = 0;
			defaultConfigurationName = Release;
		};
		133826482FFD4EA9007BDF32 /* Build configuration list for PBXNativeTarget "WorkHarnessUITests" */ = {
			isa = XCConfigurationList;
			buildConfigurations = (
				133826492FFD4EA9007BDF32 /* Debug */,
				1338264A2FFD4EA9007BDF32 /* Release */,
			);
			defaultConfigurationIsVisible = 0;
			defaultConfigurationName = Release;
		};
/* End XCConfigurationList section */

/* Begin XCRemoteSwiftPackageReference section */
		8A7D3F0E2FFD90010001A001 /* XCRemoteSwiftPackageReference "Swinject" */ = {
			isa = XCRemoteSwiftPackageReference;
			repositoryURL = "https://github.com/Swinject/Swinject.git";
			requirement = {
				kind = upToNextMajorVersion;
				minimumVersion = 2.10.0;
			};
		};
/* End XCRemoteSwiftPackageReference section */

/* Begin XCSwiftPackageProductDependency section */
		8A7D3F0F2FFD90010001A001 /* Swinject */ = {
			isa = XCSwiftPackageProductDependency;
			package = 8A7D3F0E2FFD90010001A001 /* XCRemoteSwiftPackageReference "Swinject" */;
			productName = Swinject;
		};
		8A7D3F122FFD90010001A001 /* Swinject */ = {
			isa = XCSwiftPackageProductDependency;
			package = 8A7D3F0E2FFD90010001A001 /* XCRemoteSwiftPackageReference "Swinject" */;
			productName = Swinject;
		};
/* End XCSwiftPackageProductDependency section */
	};
	rootObject = 133826192FFD4EA8007BDF32 /* Project object */;
}
